
Microsoft Visual Studio Solution File, Format Version 12.00
# Visual Studio 15
VisualStudioVersion = 15.0.28010.2048
MinimumVisualStudioVersion = 10.0.40219.1
Project("{9A19103F-16F7-4668-BE54-9A1E7A4F7556}") = "Blog.Api", "Blog.Api\Blog.Api.csproj", "{14065EB7-3037-4EFC-87A2-07A9D729B4ED}"
	ProjectSection(ProjectDependencies) = postProject
		{9B0FADBE-B418-440C-AEC9-41D0AB3249FF} = {9B0FADBE-B418-440C-AEC9-41D0AB3249FF}
	EndProjectSection
EndProject
Project("{9A19103F-16F7-4668-BE54-9A1E7A4F7556}") = "Blog.Core", "Blog.Core\Blog.Core.csproj", "{9B0FADBE-B418-440C-AEC9-41D0AB3249FF}"
EndProject
Project("{9A19103F-16F7-4668-BE54-9A1E7A4F7556}") = "Blog.Repositories", "Blog.Repositories\Blog.Repositories.csproj", "{C2B7C07F-C463-4AB8-97FB-53CBF2333B74}"
	ProjectSection(ProjectDependencies) = postProject
		{9B0FADBE-B418-440C-AEC9-41D0AB3249FF} = {9B0FADBE-B418-440C-AEC9-41D0AB3249FF}
	EndProjectSection
EndProject
Project("{9A19103F-16F7-4668-BE54-9A1E7A4F7556}") = "Blog.Services", "Blog.Services\Blog.Services.csproj", "{150713AC-86CC-4ABB-995E-F8BC4A4F4389}"
	ProjectSection(ProjectDependencies) = postProject
		{C2B7C07F-C463-4AB8-97FB-53CBF2333B74} = {C2B7C07F-C463-4AB8-97FB-53CBF2333B74}
		{9B0FADBE-B418-440C-AEC9-41D0AB3249FF} = {9B0FADBE-B418-440C-AEC9-41D0AB3249FF}
	EndProjectSection
EndProject
Global
	GlobalSection(SolutionConfigurationPlatforms) = preSolution
		Debug|Any CPU = Debug|Any CPU
		Release|Any CPU = Release|Any CPU
	EndGlobalSection
	GlobalSection(ProjectConfigurationPlatforms) = postSolution
		{14065EB7-3037-4EFC-87A2-07A9D729B4ED}.Debug|Any CPU.ActiveCfg = Debug|Any CPU
		{14065EB7-3037-4EFC-87A2-07A9D729B4ED}.Debug|Any CPU.Build.0 = Debug|Any CPU
		{14065EB7-3037-4EFC-87A2-07A9D729B4ED}.Release|Any CPU.ActiveCfg = Release|Any CPU
		{14065EB7-3037-4EFC-87A2-07A9D729B4ED}.Release|Any CPU.Build.0 = Release|Any CPU
		{9B0FADBE-B418-440C-AEC9-41D0AB3249FF}.Debug|Any CPU.ActiveCfg = Debug|Any CPU
		{9B0FADBE-B418-440C-AEC9-41D0AB3249FF}.Debug|Any CPU.Build.0 = Debug|Any CPU
		{9B0FADBE-B418-440C-AEC9-41D0AB3249FF}.Release|Any CPU.ActiveCfg = Release|Any CPU
		{9B0FADBE-B418-440C-AEC9-41D0AB3249FF}.Release|Any CPU.Build.0 = Release|Any CPU
		{C2B7C07F-C463-4AB8-97FB-53CBF2333B74}.Debug|Any CPU.ActiveCfg = Debug|Any CPU
		{C2B7C07F-C463-4AB8-97FB-53CBF2333B74}.Debug|Any CPU.Build.0 = Debug|Any CPU
		{C2B7C07F-C463-4AB8-97FB-53CBF2333B74}.Release|Any CPU.ActiveCfg = Release|Any CPU
		{C2B7C07F-C463-4AB8-97FB-53CBF2333B74}.Release|Any CPU.Build.0 = Release|Any CPU
		{150713AC-86CC-4ABB-995E-F8BC4A4F4389}.Debug|Any CPU.ActiveCfg = Debug|Any CPU
		{150713AC-86CC-4ABB-995E-F8BC4A4F4389}.Debug|Any CPU.Build.0 = Debug|Any CPU
		{150713AC-86CC-4ABB-995E-F8BC4A4F4389}.Release|Any CPU.ActiveCfg = Release|Any CPU
		{150713AC-86CC-4ABB-995E-F8BC4A4F4389}.Release|Any CPU.Build.0 = Release|Any CPU
	EndGlobalSection
	GlobalSection(SolutionProperties) = preSolution
		HideSolutionNode = FALSE
	EndGlobalSection
	GlobalSection(ExtensibilityGlobals) = postSolution
		SolutionGuid = {83B44970-041A-4AF3-9507-6EB004592861}
	EndGlobalSection
EndGlobal
